
Microsoft Visual Studio Solution File, Format Version 12.00
# Visual Studio 14
VisualStudioVersion = 14.0.25420.1
MinimumVisualStudioVersion = 10.0.40219.1
Project("{FAE04EC0-301F-11D3-BF4B-00C04F79EFBC}") = "Homework_week1_task1", "Homework_week1_task1\Homework_week1_task1.csproj", "{3D77415A-CA10-4F88-B39A-C0690C19C608}"
EndProject
Project("{FAE04EC0-301F-11D3-BF4B-00C04F79EFBC}") = "Homework_week1_task2", "Homework_week1_task2\Homework_week1_task2.csproj", "{4ED41DE0-8834-46DD-BD6F-5ED78FEFC145}"
EndProject
Project("{FAE04EC0-301F-11D3-BF4B-00C04F79EFBC}") = "Homework_week1_task3", "Homework_week1_task3\Homework_week1_task3.csproj", "{7E551312-1EDB-404D-A217-39960F82EEFF}"
EndProject
Project("{FAE04EC0-301F-11D3-BF4B-00C04F79EFBC}") = "Homework_week1_task4", "Homework_week1_task4\Homework_week1_task4.csproj", "{6E259A4A-9A7D-4C79-A268-B1F187B4B78D}"
EndProject
Project("{FAE04EC0-301F-11D3-BF4B-00C04F79EFBC}") = "Homework_week1_task5", "Homework_week1_task5\Homework_week1_task5.csproj", "{A20A88B9-8EF7-492B-A756-4D2CBCE8B3EB}"
EndProject
Project("{FAE04EC0-301F-11D3-BF4B-00C04F79EFBC}") = "Homework_week1_task6", "Homework_week1_task6\Homework_week1_task6.csproj", "{46A742C6-993C-46AD-A17F-B7A5391EAB08}"
EndProject
Project("{FAE04EC0-301F-11D3-BF4B-00C04F79EFBC}") = "Homework_week1_task7", "Homework_week1_task7\Homework_week1_task7.csproj", "{0DDAE942-135F-4444-84D7-17C9D2630760}"
EndProject
Project("{FAE04EC0-301F-11D3-BF4B-00C04F79EFBC}") = "Homework_week1_task8", "Homework_week1_task8\Homework_week1_task8.csproj", "{09B04C20-AF74-400A-9140-7961CF60054D}"
EndProject
Project("{FAE04EC0-301F-11D3-BF4B-00C04F79EFBC}") = "Homework_week1_task9", "Homework_week1_task9\Homework_week1_task9.csproj", "{29423C3A-1763-4B0C-9F01-3915130A797F}"
EndProject
Project("{FAE04EC0-301F-11D3-BF4B-00C04F79EFBC}") = "Homework_week1_task10", "Homework_week1_task10\Homework_week1_task10.csproj", "{254E0946-E07F-44E1-BD38-CA8FD6D75572}"
EndProject
Project("{FAE04EC0-301F-11D3-BF4B-00C04F79EFBC}") = "Homework_week2_lab2_task1", "Homework_week2_lab2_task1\Homework_week2_lab2_task1.csproj", "{E5631F21-078B-4318-8603-7449E374268B}"
EndProject
Project("{FAE04EC0-301F-11D3-BF4B-00C04F79EFBC}") = "Homeworl_week2_lab2_task2", "Homeworl_week2_lab2_task2\Homeworl_week2_lab2_task2.csproj", "{01897A6B-F24E-48CB-894B-054BBAD2A3BD}"
EndProject
Project("{FAE04EC0-301F-11D3-BF4B-00C04F79EFBC}") = "Homework_week2_lab2_task3", "Homework_week2_lab2_task3\Homework_week2_lab2_task3.csproj", "{74BBCAA6-1714-4563-AD2A-A612D5DCB253}"
EndProject
Project("{FAE04EC0-301F-11D3-BF4B-00C04F79EFBC}") = "Homework_week4_lab6_task4", "Homework_week4_lab6_task4\Homework_week4_lab6_task4.csproj", "{18715EF5-6346-49C9-ABED-76DB8EC8555C}"
EndProject
Project("{FAE04EC0-301F-11D3-BF4B-00C04F79EFBC}") = "Homework_week4_lab6_task5", "Homework_week4_lab6_task5\Homework_week4_lab6_task5.csproj", "{C0C21DF0-B881-41C1-92EC-9A4F92D17E42}"
EndProject
Project("{FAE04EC0-301F-11D3-BF4B-00C04F79EFBC}") = "Homework_week3_lab3_task1", "Homework_week3_lab3_task1\Homework_week3_lab3_task1.csproj", "{8522D97F-F297-434B-9430-D77FB3576F41}"
EndProject
Project("{FAE04EC0-301F-11D3-BF4B-00C04F79EFBC}") = "Homework_week3_lab3_task2", "Homework_week3_lab3_task2\Homework_week3_lab3_task2.csproj", "{299D92ED-D23D-4C40-9E05-5B55E7E49D9E}"
EndProject
Project("{FAE04EC0-301F-11D3-BF4B-00C04F79EFBC}") = "Homework_week3_lab3_task3", "Homework_week3_lab3_task3\Homework_week3_lab3_task3.csproj", "{0D97FE2C-B980-4C80-A6A5-EF372E308C58}"
EndProject
Project("{FAE04EC0-301F-11D3-BF4B-00C04F79EFBC}") = "Homework_week3_lab3_task4", "Homework_week3_lab3_task4\Homework_week3_lab3_task4.csproj", "{8CD111BC-1672-45D1-93EE-3E16DF0DDA84}"
EndProject
Project("{FAE04EC0-301F-11D3-BF4B-00C04F79EFBC}") = "Homework_week3_lab3_task5", "Homework_week3_lab3_task5\Homework_week3_lab3_task5.csproj", "{36700040-16FB-4E9A-A976-5530DB738A55}"
EndProject
Project("{FAE04EC0-301F-11D3-BF4B-00C04F79EFBC}") = "Homework_week3_lab3_task6", "Homework_week3_lab3_task6\Homework_week3_lab3_task6.csproj", "{FF4E0542-1BEE-49BB-B661-FA801AD45B6F}"
EndProject
Project("{FAE04EC0-301F-11D3-BF4B-00C04F79EFBC}") = "Homework_week3_lab3_task7", "Homework_week3_lab3_task7\Homework_week3_lab3_task7.csproj", "{B4743418-E365-4C4C-A4C3-50129768273C}"
EndProject
Global
	GlobalSection(SolutionConfigurationPlatforms) = preSolution
		Debug|Any CPU = Debug|Any CPU
		Release|Any CPU = Release|Any CPU
	EndGlobalSection
	GlobalSection(ProjectConfigurationPlatforms) = postSolution
		{3D77415A-CA10-4F88-B39A-C0690C19C608}.Debug|Any CPU.ActiveCfg = Debug|Any CPU
		{3D77415A-CA10-4F88-B39A-C0690C19C608}.Debug|Any CPU.Build.0 = Debug|Any CPU
		{3D77415A-CA10-4F88-B39A-C0690C19C608}.Release|Any CPU.ActiveCfg = Release|Any CPU
		{3D77415A-CA10-4F88-B39A-C0690C19C608}.Release|Any CPU.Build.0 = Release|Any CPU
		{4ED41DE0-8834-46DD-BD6F-5ED78FEFC145}.Debug|Any CPU.ActiveCfg = Debug|Any CPU
		{4ED41DE0-8834-46DD-BD6F-5ED78FEFC145}.Debug|Any CPU.Build.0 = Debug|Any CPU
		{4ED41DE0-8834-46DD-BD6F-5ED78FEFC145}.Release|Any CPU.ActiveCfg = Release|Any CPU
		{4ED41DE0-8834-46DD-BD6F-5ED78FEFC145}.Release|Any CPU.Build.0 = Release|Any CPU
		{7E551312-1EDB-404D-A217-39960F82EEFF}.Debug|Any CPU.ActiveCfg = Debug|Any CPU
		{7E551312-1EDB-404D-A217-39960F82EEFF}.Debug|Any CPU.Build.0 = Debug|Any CPU
		{7E551312-1EDB-404D-A217-39960F82EEFF}.Release|Any CPU.ActiveCfg = Release|Any CPU
		{7E551312-1EDB-404D-A217-39960F82EEFF}.Release|Any CPU.Build.0 = Release|Any CPU
		{6E259A4A-9A7D-4C79-A268-B1F187B4B78D}.Debug|Any CPU.ActiveCfg = Debug|Any CPU
		{6E259A4A-9A7D-4C79-A268-B1F187B4B78D}.Debug|Any CPU.Build.0 = Debug|Any CPU
		{6E259A4A-9A7D-4C79-A268-B1F187B4B78D}.Release|Any CPU.ActiveCfg = Release|Any CPU
		{6E259A4A-9A7D-4C79-A268-B1F187B4B78D}.Release|Any CPU.Build.0 = Release|Any CPU
		{A20A88B9-8EF7-492B-A756-4D2CBCE8B3EB}.Debug|Any CPU.ActiveCfg = Debug|Any CPU
		{A20A88B9-8EF7-492B-A756-4D2CBCE8B3EB}.Debug|Any CPU.Build.0 = Debug|Any CPU
		{A20A88B9-8EF7-492B-A756-4D2CBCE8B3EB}.Release|Any CPU.ActiveCfg = Release|Any CPU
		{A20A88B9-8EF7-492B-A756-4D2CBCE8B3EB}.Release|Any CPU.Build.0 = Release|Any CPU
		{46A742C6-993C-46AD-A17F-B7A5391EAB08}.Debug|Any CPU.ActiveCfg = Debug|Any CPU
		{46A742C6-993C-46AD-A17F-B7A5391EAB08}.Debug|Any CPU.Build.0 = Debug|Any CPU
		{46A742C6-993C-46AD-A17F-B7A5391EAB08}.Release|Any CPU.ActiveCfg = Release|Any CPU
		{46A742C6-993C-46AD-A17F-B7A5391EAB08}.Release|Any CPU.Build.0 = Release|Any CPU
		{0DDAE942-135F-4444-84D7-17C9D2630760}.Debug|Any CPU.ActiveCfg = Debug|Any CPU
		{0DDAE942-135F-4444-84D7-17C9D2630760}.Debug|Any CPU.Build.0 = Debug|Any CPU
		{0DDAE942-135F-4444-84D7-17C9D2630760}.Release|Any CPU.ActiveCfg = Release|Any CPU
		{0DDAE942-135F-4444-84D7-17C9D2630760}.Release|Any CPU.Build.0 = Release|Any CPU
		{09B04C20-AF74-400A-9140-7961CF60054D}.Debug|Any CPU.ActiveCfg = Debug|Any CPU
		{09B04C20-AF74-400A-9140-7961CF60054D}.Debug|Any CPU.Build.0 = Debug|Any CPU
		{09B04C20-AF74-400A-9140-7961CF60054D}.Release|Any CPU.ActiveCfg = Release|Any CPU
		{09B04C20-AF74-400A-9140-7961CF60054D}.Release|Any CPU.Build.0 = Release|Any CPU
		{29423C3A-1763-4B0C-9F01-3915130A797F}.Debug|Any CPU.ActiveCfg = Debug|Any CPU
		{29423C3A-1763-4B0C-9F01-3915130A797F}.Debug|Any CPU.Build.0 = Debug|Any CPU
		{29423C3A-1763-4B0C-9F01-3915130A797F}.Release|Any CPU.ActiveCfg = Release|Any CPU
		{29423C3A-1763-4B0C-9F01-3915130A797F}.Release|Any CPU.Build.0 = Release|Any CPU
		{254E0946-E07F-44E1-BD38-CA8FD6D75572}.Debug|Any CPU.ActiveCfg = Debug|Any CPU
		{254E0946-E07F-44E1-BD38-CA8FD6D75572}.Debug|Any CPU.Build.0 = Debug|Any CPU
		{254E0946-E07F-44E1-BD38-CA8FD6D75572}.Release|Any CPU.ActiveCfg = Release|Any CPU
		{254E0946-E07F-44E1-BD38-CA8FD6D75572}.Release|Any CPU.Build.0 = Release|Any CPU
		{E5631F21-078B-4318-8603-7449E374268B}.Debug|Any CPU.ActiveCfg = Debug|Any CPU
		{E5631F21-078B-4318-8603-7449E374268B}.Debug|Any CPU.Build.0 = Debug|Any CPU
		{E5631F21-078B-4318-8603-7449E374268B}.Release|Any CPU.ActiveCfg = Release|Any CPU
		{E5631F21-078B-4318-8603-7449E374268B}.Release|Any CPU.Build.0 = Release|Any CPU
		{01897A6B-F24E-48CB-894B-054BBAD2A3BD}.Debug|Any CPU.ActiveCfg = Debug|Any CPU
		{01897A6B-F24E-48CB-894B-054BBAD2A3BD}.Debug|Any CPU.Build.0 = Debug|Any CPU
		{01897A6B-F24E-48CB-894B-054BBAD2A3BD}.Release|Any CPU.ActiveCfg = Release|Any CPU
		{01897A6B-F24E-48CB-894B-054BBAD2A3BD}.Release|Any CPU.Build.0 = Release|Any CPU
		{74BBCAA6-1714-4563-AD2A-A612D5DCB253}.Debug|Any CPU.ActiveCfg = Debug|Any CPU
		{74BBCAA6-1714-4563-AD2A-A612D5DCB253}.Debug|Any CPU.Build.0 = Debug|Any CPU
		{74BBCAA6-1714-4563-AD2A-A612D5DCB253}.Release|Any CPU.ActiveCfg = Release|Any CPU
		{74BBCAA6-1714-4563-AD2A-A612D5DCB253}.Release|Any CPU.Build.0 = Release|Any CPU
		{18715EF5-6346-49C9-ABED-76DB8EC8555C}.Debug|Any CPU.ActiveCfg = Debug|Any CPU
		{18715EF5-6346-49C9-ABED-76DB8EC8555C}.Debug|Any CPU.Build.0 = Debug|Any CPU
		{18715EF5-6346-49C9-ABED-76DB8EC8555C}.Release|Any CPU.ActiveCfg = Release|Any CPU
		{18715EF5-6346-49C9-ABED-76DB8EC8555C}.Release|Any CPU.Build.0 = Release|Any CPU
		{C0C21DF0-B881-41C1-92EC-9A4F92D17E42}.Debug|Any CPU.ActiveCfg = Debug|Any CPU
		{C0C21DF0-B881-41C1-92EC-9A4F92D17E42}.Debug|Any CPU.Build.0 = Debug|Any CPU
		{C0C21DF0-B881-41C1-92EC-9A4F92D17E42}.Release|Any CPU.ActiveCfg = Release|Any CPU
		{C0C21DF0-B881-41C1-92EC-9A4F92D17E42}.Release|Any CPU.Build.0 = Release|Any CPU
		{8522D97F-F297-434B-9430-D77FB3576F41}.Debug|Any CPU.ActiveCfg = Debug|Any CPU
		{8522D97F-F297-434B-9430-D77FB3576F41}.Debug|Any CPU.Build.0 = Debug|Any CPU
		{8522D97F-F297-434B-9430-D77FB3576F41}.Release|Any CPU.ActiveCfg = Release|Any CPU
		{8522D97F-F297-434B-9430-D77FB3576F41}.Release|Any CPU.Build.0 = Release|Any CPU
		{299D92ED-D23D-4C40-9E05-5B55E7E49D9E}.Debug|Any CPU.ActiveCfg = Debug|Any CPU
		{299D92ED-D23D-4C40-9E05-5B55E7E49D9E}.Debug|Any CPU.Build.0 = Debug|Any CPU
		{299D92ED-D23D-4C40-9E05-5B55E7E49D9E}.Release|Any CPU.ActiveCfg = Release|Any CPU
		{299D92ED-D23D-4C40-9E05-5B55E7E49D9E}.Release|Any CPU.Build.0 = Release|Any CPU
		{0D97FE2C-B980-4C80-A6A5-EF372E308C58}.Debug|Any CPU.ActiveCfg = Debug|Any CPU
		{0D97FE2C-B980-4C80-A6A5-EF372E308C58}.Debug|Any CPU.Build.0 = Debug|Any CPU
		{0D97FE2C-B980-4C80-A6A5-EF372E308C58}.Release|Any CPU.ActiveCfg = Release|Any CPU
		{0D97FE2C-B980-4C80-A6A5-EF372E308C58}.Release|Any CPU.Build.0 = Release|Any CPU
		{8CD111BC-1672-45D1-93EE-3E16DF0DDA84}.Debug|Any CPU.ActiveCfg = Debug|Any CPU
		{8CD111BC-1672-45D1-93EE-3E16DF0DDA84}.Debug|Any CPU.Build.0 = Debug|Any CPU
		{8CD111BC-1672-45D1-93EE-3E16DF0DDA84}.Release|Any CPU.ActiveCfg = Release|Any CPU
		{8CD111BC-1672-45D1-93EE-3E16DF0DDA84}.Release|Any CPU.Build.0 = Release|Any CPU
		{36700040-16FB-4E9A-A976-5530DB738A55}.Debug|Any CPU.ActiveCfg = Debug|Any CPU
		{36700040-16FB-4E9A-A976-5530DB738A55}.Debug|Any CPU.Build.0 = Debug|Any CPU
		{36700040-16FB-4E9A-A976-5530DB738A55}.Release|Any CPU.ActiveCfg = Release|Any CPU
		{36700040-16FB-4E9A-A976-5530DB738A55}.Release|Any CPU.Build.0 = Release|Any CPU
		{FF4E0542-1BEE-49BB-B661-FA801AD45B6F}.Debug|Any CPU.ActiveCfg = Debug|Any CPU
		{FF4E0542-1BEE-49BB-B661-FA801AD45B6F}.Debug|Any CPU.Build.0 = Debug|Any CPU
		{FF4E0542-1BEE-49BB-B661-FA801AD45B6F}.Release|Any CPU.ActiveCfg = Release|Any CPU
		{FF4E0542-1BEE-49BB-B661-FA801AD45B6F}.Release|Any CPU.Build.0 = Release|Any CPU
		{B4743418-E365-4C4C-A4C3-50129768273C}.Debug|Any CPU.ActiveCfg = Debug|Any CPU
		{B4743418-E365-4C4C-A4C3-50129768273C}.Debug|Any CPU.Build.0 = Debug|Any CPU
		{B4743418-E365-4C4C-A4C3-50129768273C}.Release|Any CPU.ActiveCfg = Release|Any CPU
		{B4743418-E365-4C4C-A4C3-50129768273C}.Release|Any CPU.Build.0 = Release|Any CPU
	EndGlobalSection
	GlobalSection(SolutionProperties) = preSolution
		HideSolutionNode = FALSE
	EndGlobalSection
EndGlobal
